
Microsoft Visual Studio Solution File, Format Version 12.00
# Visual Studio Version 17
VisualStudioVersion = 17.11.35327.3
MinimumVisualStudioVersion = 10.0.40219.1
Project("{9A19103F-16F7-4668-BE54-9A1E7A4F7556}") = "DemoUI", "DemoUI.csproj", "{17B30199-13ED-44F9-B19E-3ACEC3E35C4A}"
EndProject
Project("{9A19103F-16F7-4668-BE54-9A1E7A4F7556}") = "Utilities", "..\..\CSharp_Utilities\Utilities\Utilities.csproj", "{1D07282F-DC24-4A75-AD89-EF1D9F8FC5A3}"
EndProject
Project("{9A19103F-16F7-4668-BE54-9A1E7A4F7556}") = "Entities", "..\..\CSharp_Entities\Entities\Entities.csproj", "{98DF6540-886B-4539-B5FA-4AA5F9E0FBBE}"
EndProject
Project("{9A19103F-16F7-4668-BE54-9A1E7A4F7556}") = "UseCases", "..\..\CSharp_UseCases\UseCases\UseCases.csproj", "{C7A46E2F-1599-433D-AAAD-B81ABEBDC180}"
EndProject
Project("{9A19103F-16F7-4668-BE54-9A1E7A4F7556}") = "DataAccess", "..\..\CSharp_DataAccess\DataAcess\DataAccess.csproj", "{130F2815-B855-4B64-9D49-04F11AA97FCC}"
EndProject
Project("{9A19103F-16F7-4668-BE54-9A1E7A4F7556}") = "DataAccessInterface", "..\..\CSharp_DataAccessInterface\Data Access Interface\DataAccessInterface.csproj", "{BE6CF22B-D014-4AF6-94D4-4C923507854C}"
EndProject
Project("{9A19103F-16F7-4668-BE54-9A1E7A4F7556}") = "PresentationLayer", "..\..\CSharp_PresentationLayer\PresentationLayer\PresentationLayer.csproj", "{B6C52C9F-947D-4CEA-8A8D-075D7DD3BFDD}"
EndProject
Global
	GlobalSection(SolutionConfigurationPlatforms) = preSolution
		Debug|Any CPU = Debug|Any CPU
		Debug|ARM64 = Debug|ARM64
		Debug|x64 = Debug|x64
		Debug|x86 = Debug|x86
		Release|Any CPU = Release|Any CPU
		Release|ARM64 = Release|ARM64
		Release|x64 = Release|x64
		Release|x86 = Release|x86
	EndGlobalSection
	GlobalSection(ProjectConfigurationPlatforms) = postSolution
		{17B30199-13ED-44F9-B19E-3ACEC3E35C4A}.Debug|Any CPU.ActiveCfg = Debug|x64
		{17B30199-13ED-44F9-B19E-3ACEC3E35C4A}.Debug|Any CPU.Build.0 = Debug|x64
		{17B30199-13ED-44F9-B19E-3ACEC3E35C4A}.Debug|Any CPU.Deploy.0 = Debug|x64
		{17B30199-13ED-44F9-B19E-3ACEC3E35C4A}.Debug|ARM64.ActiveCfg = Debug|ARM64
		{17B30199-13ED-44F9-B19E-3ACEC3E35C4A}.Debug|ARM64.Build.0 = Debug|ARM64
		{17B30199-13ED-44F9-B19E-3ACEC3E35C4A}.Debug|ARM64.Deploy.0 = Debug|ARM64
		{17B30199-13ED-44F9-B19E-3ACEC3E35C4A}.Debug|x64.ActiveCfg = Debug|x64
		{17B30199-13ED-44F9-B19E-3ACEC3E35C4A}.Debug|x64.Build.0 = Debug|x64
		{17B30199-13ED-44F9-B19E-3ACEC3E35C4A}.Debug|x64.Deploy.0 = Debug|x64
		{17B30199-13ED-44F9-B19E-3ACEC3E35C4A}.Debug|x86.ActiveCfg = Debug|x86
		{17B30199-13ED-44F9-B19E-3ACEC3E35C4A}.Debug|x86.Build.0 = Debug|x86
		{17B30199-13ED-44F9-B19E-3ACEC3E35C4A}.Debug|x86.Deploy.0 = Debug|x86
		{17B30199-13ED-44F9-B19E-3ACEC3E35C4A}.Release|Any CPU.ActiveCfg = Release|x64
		{17B30199-13ED-44F9-B19E-3ACEC3E35C4A}.Release|Any CPU.Build.0 = Release|x64
		{17B30199-13ED-44F9-B19E-3ACEC3E35C4A}.Release|Any CPU.Deploy.0 = Release|x64
		{17B30199-13ED-44F9-B19E-3ACEC3E35C4A}.Release|ARM64.ActiveCfg = Release|ARM64
		{17B30199-13ED-44F9-B19E-3ACEC3E35C4A}.Release|ARM64.Build.0 = Release|ARM64
		{17B30199-13ED-44F9-B19E-3ACEC3E35C4A}.Release|ARM64.Deploy.0 = Release|ARM64
		{17B30199-13ED-44F9-B19E-3ACEC3E35C4A}.Release|x64.ActiveCfg = Release|x64
		{17B30199-13ED-44F9-B19E-3ACEC3E35C4A}.Release|x64.Build.0 = Release|x64
		{17B30199-13ED-44F9-B19E-3ACEC3E35C4A}.Release|x64.Deploy.0 = Release|x64
		{17B30199-13ED-44F9-B19E-3ACEC3E35C4A}.Release|x86.ActiveCfg = Release|x86
		{17B30199-13ED-44F9-B19E-3ACEC3E35C4A}.Release|x86.Build.0 = Release|x86
		{17B30199-13ED-44F9-B19E-3ACEC3E35C4A}.Release|x86.Deploy.0 = Release|x86
		{1D07282F-DC24-4A75-AD89-EF1D9F8FC5A3}.Debug|Any CPU.ActiveCfg = Debug|Any CPU
		{1D07282F-DC24-4A75-AD89-EF1D9F8FC5A3}.Debug|Any CPU.Build.0 = Debug|Any CPU
		{1D07282F-DC24-4A75-AD89-EF1D9F8FC5A3}.Debug|ARM64.ActiveCfg = Debug|Any CPU
		{1D07282F-DC24-4A75-AD89-EF1D9F8FC5A3}.Debug|ARM64.Build.0 = Debug|Any CPU
		{1D07282F-DC24-4A75-AD89-EF1D9F8FC5A3}.Debug|x64.ActiveCfg = Debug|Any CPU
		{1D07282F-DC24-4A75-AD89-EF1D9F8FC5A3}.Debug|x64.Build.0 = Debug|Any CPU
		{1D07282F-DC24-4A75-AD89-EF1D9F8FC5A3}.Debug|x86.ActiveCfg = Debug|Any CPU
		{1D07282F-DC24-4A75-AD89-EF1D9F8FC5A3}.Debug|x86.Build.0 = Debug|Any CPU
		{1D07282F-DC24-4A75-AD89-EF1D9F8FC5A3}.Release|Any CPU.ActiveCfg = Release|Any CPU
		{1D07282F-DC24-4A75-AD89-EF1D9F8FC5A3}.Release|Any CPU.Build.0 = Release|Any CPU
		{1D07282F-DC24-4A75-AD89-EF1D9F8FC5A3}.Release|ARM64.ActiveCfg = Release|Any CPU
		{1D07282F-DC24-4A75-AD89-EF1D9F8FC5A3}.Release|ARM64.Build.0 = Release|Any CPU
		{1D07282F-DC24-4A75-AD89-EF1D9F8FC5A3}.Release|x64.ActiveCfg = Release|Any CPU
		{1D07282F-DC24-4A75-AD89-EF1D9F8FC5A3}.Release|x64.Build.0 = Release|Any CPU
		{1D07282F-DC24-4A75-AD89-EF1D9F8FC5A3}.Release|x86.ActiveCfg = Release|Any CPU
		{1D07282F-DC24-4A75-AD89-EF1D9F8FC5A3}.Release|x86.Build.0 = Release|Any CPU
		{98DF6540-886B-4539-B5FA-4AA5F9E0FBBE}.Debug|Any CPU.ActiveCfg = Debug|Any CPU
		{98DF6540-886B-4539-B5FA-4AA5F9E0FBBE}.Debug|Any CPU.Build.0 = Debug|Any CPU
		{98DF6540-886B-4539-B5FA-4AA5F9E0FBBE}.Debug|ARM64.ActiveCfg = Debug|Any CPU
		{98DF6540-886B-4539-B5FA-4AA5F9E0FBBE}.Debug|ARM64.Build.0 = Debug|Any CPU
		{98DF6540-886B-4539-B5FA-4AA5F9E0FBBE}.Debug|x64.ActiveCfg = Debug|Any CPU
		{98DF6540-886B-4539-B5FA-4AA5F9E0FBBE}.Debug|x64.Build.0 = Debug|Any CPU
		{98DF6540-886B-4539-B5FA-4AA5F9E0FBBE}.Debug|x86.ActiveCfg = Debug|Any CPU
		{98DF6540-886B-4539-B5FA-4AA5F9E0FBBE}.Debug|x86.Build.0 = Debug|Any CPU
		{98DF6540-886B-4539-B5FA-4AA5F9E0FBBE}.Release|Any CPU.ActiveCfg = Release|Any CPU
		{98DF6540-886B-4539-B5FA-4AA5F9E0FBBE}.Release|Any CPU.Build.0 = Release|Any CPU
		{98DF6540-886B-4539-B5FA-4AA5F9E0FBBE}.Release|ARM64.ActiveCfg = Release|Any CPU
		{98DF6540-886B-4539-B5FA-4AA5F9E0FBBE}.Release|ARM64.Build.0 = Release|Any CPU
		{98DF6540-886B-4539-B5FA-4AA5F9E0FBBE}.Release|x64.ActiveCfg = Release|Any CPU
		{98DF6540-886B-4539-B5FA-4AA5F9E0FBBE}.Release|x64.Build.0 = Release|Any CPU
		{98DF6540-886B-4539-B5FA-4AA5F9E0FBBE}.Release|x86.ActiveCfg = Release|Any CPU
		{98DF6540-886B-4539-B5FA-4AA5F9E0FBBE}.Release|x86.Build.0 = Release|Any CPU
		{C7A46E2F-1599-433D-AAAD-B81ABEBDC180}.Debug|Any CPU.ActiveCfg = Debug|Any CPU
		{C7A46E2F-1599-433D-AAAD-B81ABEBDC180}.Debug|Any CPU.Build.0 = Debug|Any CPU
		{C7A46E2F-1599-433D-AAAD-B81ABEBDC180}.Debug|ARM64.ActiveCfg = Debug|Any CPU
		{C7A46E2F-1599-433D-AAAD-B81ABEBDC180}.Debug|ARM64.Build.0 = Debug|Any CPU
		{C7A46E2F-1599-433D-AAAD-B81ABEBDC180}.Debug|x64.ActiveCfg = Debug|Any CPU
		{C7A46E2F-1599-433D-AAAD-B81ABEBDC180}.Debug|x64.Build.0 = Debug|Any CPU
		{C7A46E2F-1599-433D-AAAD-B81ABEBDC180}.Debug|x86.ActiveCfg = Debug|Any CPU
		{C7A46E2F-1599-433D-AAAD-B81ABEBDC180}.Debug|x86.Build.0 = Debug|Any CPU
		{C7A46E2F-1599-433D-AAAD-B81ABEBDC180}.Release|Any CPU.ActiveCfg = Release|Any CPU
		{C7A46E2F-1599-433D-AAAD-B81ABEBDC180}.Release|Any CPU.Build.0 = Release|Any CPU
		{C7A46E2F-1599-433D-AAAD-B81ABEBDC180}.Release|ARM64.ActiveCfg = Release|Any CPU
		{C7A46E2F-1599-433D-AAAD-B81ABEBDC180}.Release|ARM64.Build.0 = Release|Any CPU
		{C7A46E2F-1599-433D-AAAD-B81ABEBDC180}.Release|x64.ActiveCfg = Release|Any CPU
		{C7A46E2F-1599-433D-AAAD-B81ABEBDC180}.Release|x64.Build.0 = Release|Any CPU
		{C7A46E2F-1599-433D-AAAD-B81ABEBDC180}.Release|x86.ActiveCfg = Release|Any CPU
		{C7A46E2F-1599-433D-AAAD-B81ABEBDC180}.Release|x86.Build.0 = Release|Any CPU
		{130F2815-B855-4B64-9D49-04F11AA97FCC}.Debug|Any CPU.ActiveCfg = Debug|Any CPU
		{130F2815-B855-4B64-9D49-04F11AA97FCC}.Debug|Any CPU.Build.0 = Debug|Any CPU
		{130F2815-B855-4B64-9D49-04F11AA97FCC}.Debug|ARM64.ActiveCfg = Debug|Any CPU
		{130F2815-B855-4B64-9D49-04F11AA97FCC}.Debug|ARM64.Build.0 = Debug|Any CPU
		{130F2815-B855-4B64-9D49-04F11AA97FCC}.Debug|x64.ActiveCfg = Debug|Any CPU
		{130F2815-B855-4B64-9D49-04F11AA97FCC}.Debug|x64.Build.0 = Debug|Any CPU
		{130F2815-B855-4B64-9D49-04F11AA97FCC}.Debug|x86.ActiveCfg = Debug|Any CPU
		{130F2815-B855-4B64-9D49-04F11AA97FCC}.Debug|x86.Build.0 = Debug|Any CPU
		{130F2815-B855-4B64-9D49-04F11AA97FCC}.Release|Any CPU.ActiveCfg = Release|Any CPU
		{130F2815-B855-4B64-9D49-04F11AA97FCC}.Release|Any CPU.Build.0 = Release|Any CPU
		{130F2815-B855-4B64-9D49-04F11AA97FCC}.Release|ARM64.ActiveCfg = Release|Any CPU
		{130F2815-B855-4B64-9D49-04F11AA97FCC}.Release|ARM64.Build.0 = Release|Any CPU
		{130F2815-B855-4B64-9D49-04F11AA97FCC}.Release|x64.ActiveCfg = Release|Any CPU
		{130F2815-B855-4B64-9D49-04F11AA97FCC}.Release|x64.Build.0 = Release|Any CPU
		{130F2815-B855-4B64-9D49-04F11AA97FCC}.Release|x86.ActiveCfg = Release|Any CPU
		{130F2815-B855-4B64-9D49-04F11AA97FCC}.Release|x86.Build.0 = Release|Any CPU
		{BE6CF22B-D014-4AF6-94D4-4C923507854C}.Debug|Any CPU.ActiveCfg = Debug|Any CPU
		{BE6CF22B-D014-4AF6-94D4-4C923507854C}.Debug|Any CPU.Build.0 = Debug|Any CPU
		{BE6CF22B-D014-4AF6-94D4-4C923507854C}.Debug|ARM64.ActiveCfg = Debug|Any CPU
		{BE6CF22B-D014-4AF6-94D4-4C923507854C}.Debug|ARM64.Build.0 = Debug|Any CPU
		{BE6CF22B-D014-4AF6-94D4-4C923507854C}.Debug|x64.ActiveCfg = Debug|Any CPU
		{BE6CF22B-D014-4AF6-94D4-4C923507854C}.Debug|x64.Build.0 = Debug|Any CPU
		{BE6CF22B-D014-4AF6-94D4-4C923507854C}.Debug|x86.ActiveCfg = Debug|Any CPU
		{BE6CF22B-D014-4AF6-94D4-4C923507854C}.Debug|x86.Build.0 = Debug|Any CPU
		{BE6CF22B-D014-4AF6-94D4-4C923507854C}.Release|Any CPU.ActiveCfg = Release|Any CPU
		{BE6CF22B-D014-4AF6-94D4-4C923507854C}.Release|Any CPU.Build.0 = Release|Any CPU
		{BE6CF22B-D014-4AF6-94D4-4C923507854C}.Release|ARM64.ActiveCfg = Release|Any CPU
		{BE6CF22B-D014-4AF6-94D4-4C923507854C}.Release|ARM64.Build.0 = Release|Any CPU
		{BE6CF22B-D014-4AF6-94D4-4C923507854C}.Release|x64.ActiveCfg = Release|Any CPU
		{BE6CF22B-D014-4AF6-94D4-4C923507854C}.Release|x64.Build.0 = Release|Any CPU
		{BE6CF22B-D014-4AF6-94D4-4C923507854C}.Release|x86.ActiveCfg = Release|Any CPU
		{BE6CF22B-D014-4AF6-94D4-4C923507854C}.Release|x86.Build.0 = Release|Any CPU
		{B6C52C9F-947D-4CEA-8A8D-075D7DD3BFDD}.Debug|Any CPU.ActiveCfg = Debug|Any CPU
		{B6C52C9F-947D-4CEA-8A8D-075D7DD3BFDD}.Debug|Any CPU.Build.0 = Debug|Any CPU
		{B6C52C9F-947D-4CEA-8A8D-075D7DD3BFDD}.Debug|ARM64.ActiveCfg = Debug|Any CPU
		{B6C52C9F-947D-4CEA-8A8D-075D7DD3BFDD}.Debug|ARM64.Build.0 = Debug|Any CPU
		{B6C52C9F-947D-4CEA-8A8D-075D7DD3BFDD}.Debug|x64.ActiveCfg = Debug|Any CPU
		{B6C52C9F-947D-4CEA-8A8D-075D7DD3BFDD}.Debug|x64.Build.0 = Debug|Any CPU
		{B6C52C9F-947D-4CEA-8A8D-075D7DD3BFDD}.Debug|x86.ActiveCfg = Debug|Any CPU
		{B6C52C9F-947D-4CEA-8A8D-075D7DD3BFDD}.Debug|x86.Build.0 = Debug|Any CPU
		{B6C52C9F-947D-4CEA-8A8D-075D7DD3BFDD}.Release|Any CPU.ActiveCfg = Release|Any CPU
		{B6C52C9F-947D-4CEA-8A8D-075D7DD3BFDD}.Release|Any CPU.Build.0 = Release|Any CPU
		{B6C52C9F-947D-4CEA-8A8D-075D7DD3BFDD}.Release|ARM64.ActiveCfg = Release|Any CPU
		{B6C52C9F-947D-4CEA-8A8D-075D7DD3BFDD}.Release|ARM64.Build.0 = Release|Any CPU
		{B6C52C9F-947D-4CEA-8A8D-075D7DD3BFDD}.Release|x64.ActiveCfg = Release|Any CPU
		{B6C52C9F-947D-4CEA-8A8D-075D7DD3BFDD}.Release|x64.Build.0 = Release|Any CPU
		{B6C52C9F-947D-4CEA-8A8D-075D7DD3BFDD}.Release|x86.ActiveCfg = Release|Any CPU
		{B6C52C9F-947D-4CEA-8A8D-075D7DD3BFDD}.Release|x86.Build.0 = Release|Any CPU
	EndGlobalSection
	GlobalSection(SolutionProperties) = preSolution
		HideSolutionNode = FALSE
	EndGlobalSection
	GlobalSection(ExtensibilityGlobals) = postSolution
		SolutionGuid = {4BDEF2AF-CFCE-4817-A076-05194D80DC4D}
	EndGlobalSection
EndGlobal
